// !$*UTF8*$!
{
	archiveVersion = 1;
	classes = {
	};
	objectVersion = 46;
	objects = {

/* Begin PBXBuildFile section */
		C999F7EC1EF79F5000A8D742 /* Assets.xcassets in Resources */ = {isa = PBXBuildFile; fileRef = C999F7E51EF79F5000A8D742 /* Assets.xcassets */; };
		C999F7ED1EF79F5000A8D742 /* LaunchScreen.storyboard in Resources */ = {isa = PBXBuildFile; fileRef = C999F7E61EF79F5000A8D742 /* LaunchScreen.storyboard */; };
		C999F7EE1EF79F5000A8D742 /* Main.storyboard in Resources */ = {isa = PBXBuildFile; fileRef = C999F7E81EF79F5000A8D742 /* Main.storyboard */; };
		C999F7F01EF79F5000A8D742 /* Info.plist in Resources */ = {isa = PBXBuildFile; fileRef = C999F7EB1EF79F5000A8D742 /* Info.plist */; };
		C999F7F71EF7A1E000A8D742 /* quotes.txt in Resources */ = {isa = PBXBuildFile; fileRef = C999F7F61EF7A1E000A8D742 /* quotes.txt */; };
		C9E9D7AF1F0F8AC100A870C4 /* Color.swift in Sources */ = {isa = PBXBuildFile; fileRef = C9E9D7AE1F0F8AC100A870C4 /* Color.swift */; };
		C9E9D7E81F10F3FE00A870C4 /* image1.jpg in Resources */ = {isa = PBXBuildFile; fileRef = C9E9D7B41F10F3FE00A870C4 /* image1.jpg */; };
		C9E9D7E91F10F3FE00A870C4 /* image2.jpg in Resources */ = {isa = PBXBuildFile; fileRef = C9E9D7B51F10F3FE00A870C4 /* image2.jpg */; };
		C9E9D7EA1F10F3FE00A870C4 /* image4.jpg in Resources */ = {isa = PBXBuildFile; fileRef = C9E9D7B61F10F3FE00A870C4 /* image4.jpg */; };
		C9E9D7EB1F10F3FE00A870C4 /* image5.jpg in Resources */ = {isa = PBXBuildFile; fileRef = C9E9D7B71F10F3FE00A870C4 /* image5.jpg */; };
		C9E9D7EC1F10F3FE00A870C4 /* image6.jpg in Resources */ = {isa = PBXBuildFile; fileRef = C9E9D7B81F10F3FE00A870C4 /* image6.jpg */; };
		C9E9D7ED1F10F3FE00A870C4 /* image8.jpg in Resources */ = {isa = PBXBuildFile; fileRef = C9E9D7B91F10F3FE00A870C4 /* image8.jpg */; };
		C9E9D7EE1F10F3FE00A870C4 /* image9.jpg in Resources */ = {isa = PBXBuildFile; fileRef = C9E9D7BA1F10F3FE00A870C4 /* image9.jpg */; };
		C9E9D7EF1F10F3FE00A870C4 /* image10.jpg in Resources */ = {isa = PBXBuildFile; fileRef = C9E9D7BB1F10F3FE00A870C4 /* image10.jpg */; };
		C9E9D7F01F10F3FE00A870C4 /* image13.jpg in Resources */ = {isa = PBXBuildFile; fileRef = C9E9D7BC1F10F3FE00A870C4 /* image13.jpg */; };
		C9E9D7F11F10F3FE00A870C4 /* image14.jpg in Resources */ = {isa = PBXBuildFile; fileRef = C9E9D7BD1F10F3FE00A870C4 /* image14.jpg */; };
		C9E9D7F21F10F3FE00A870C4 /* image15.jpg in Resources */ = {isa = PBXBuildFile; fileRef = C9E9D7BE1F10F3FE00A870C4 /* image15.jpg */; };
		C9E9D7F31F10F3FE00A870C4 /* image16.jpg in Resources */ = {isa = PBXBuildFile; fileRef = C9E9D7BF1F10F3FE00A870C4 /* image16.jpg */; };
		C9E9D7F41F10F3FE00A870C4 /* image18.jpg in Resources */ = {isa = PBXBuildFile; fileRef = C9E9D7C01F10F3FE00A870C4 /* image18.jpg */; };
		C9E9D7F51F10F3FE00A870C4 /* image19.jpg in Resources */ = {isa = PBXBuildFile; fileRef = C9E9D7C11F10F3FE00A870C4 /* image19.jpg */; };
		C9E9D7F61F10F3FE00A870C4 /* image20.jpg in Resources */ = {isa = PBXBuildFile; fileRef = C9E9D7C21F10F3FE00A870C4 /* image20.jpg */; };
		C9E9D7F71F10F3FE00A870C4 /* image21.jpg in Resources */ = {isa = PBXBuildFile; fileRef = C9E9D7C31F10F3FE00A870C4 /* image21.jpg */; };
		C9E9D7F81F10F3FE00A870C4 /* image22.jpg in Resources */ = {isa = PBXBuildFile; fileRef = C9E9D7C41F10F3FE00A870C4 /* image22.jpg */; };
		C9E9D7F91F10F3FE00A870C4 /* image23.jpg in Resources */ = {isa = PBXBuildFile; fileRef = C9E9D7C51F10F3FE00A870C4 /* image23.jpg */; };
		C9E9D7FA1F10F3FE00A870C4 /* image24.jpg in Resources */ = {isa = PBXBuildFile; fileRef = C9E9D7C61F10F3FE00A870C4 /* image24.jpg */; };
		C9E9D7FB1F10F3FE00A870C4 /* image26.jpg in Resources */ = {isa = PBXBuildFile; fileRef = C9E9D7C71F10F3FE00A870C4 /* image26.jpg */; };
		C9E9D7FC1F10F3FE00A870C4 /* image28.jpg in Resources */ = {isa = PBXBuildFile; fileRef = C9E9D7C81F10F3FE00A870C4 /* image28.jpg */; };
		C9E9D7FD1F10F3FE00A870C4 /* image29.jpg in Resources */ = {isa = PBXBuildFile; fileRef = C9E9D7C91F10F3FE00A870C4 /* image29.jpg */; };
		C9E9D7FE1F10F3FE00A870C4 /* image30.jpg in Resources */ = {isa = PBXBuildFile; fileRef = C9E9D7CA1F10F3FE00A870C4 /* image30.jpg */; };
		C9E9D8001F10F3FE00A870C4 /* image34.jpg in Resources */ = {isa = PBXBuildFile; fileRef = C9E9D7CC1F10F3FE00A870C4 /* image34.jpg */; };
		C9E9D8011F10F3FE00A870C4 /* image35.jpg in Resources */ = {isa = PBXBuildFile; fileRef = C9E9D7CD1F10F3FE00A870C4 /* image35.jpg */; };
		C9E9D8021F10F3FE00A870C4 /* image36.jpg in Resources */ = {isa = PBXBuildFile; fileRef = C9E9D7CE1F10F3FE00A870C4 /* image36.jpg */; };
		C9E9D8031F10F3FE00A870C4 /* image37.jpg in Resources */ = {isa = PBXBuildFile; fileRef = C9E9D7CF1F10F3FE00A870C4 /* image37.jpg */; };
		C9E9D8041F10F3FE00A870C4 /* image38.jpg in Resources */ = {isa = PBXBuildFile; fileRef = C9E9D7D01F10F3FE00A870C4 /* image38.jpg */; };
		C9E9D8051F10F3FE00A870C4 /* image39.jpg in Resources */ = {isa = PBXBuildFile; fileRef = C9E9D7D11F10F3FE00A870C4 /* image39.jpg */; };
		C9E9D8061F10F3FE00A870C4 /* image40.jpg in Resources */ = {isa = PBXBuildFile; fileRef = C9E9D7D21F10F3FE00A870C4 /* image40.jpg */; };
		C9E9D8071F10F3FE00A870C4 /* image41.jpg in Resources */ = {isa = PBXBuildFile; fileRef = C9E9D7D31F10F3FE00A870C4 /* image41.jpg */; };
		C9E9D8081F10F3FE00A870C4 /* image42.jpg in Resources */ = {isa = PBXBuildFile; fileRef = C9E9D7D41F10F3FE00A870C4 /* image42.jpg */; };
		C9E9D8121F10F3FE00A870C4 /* png1.png in Resources */ = {isa = PBXBuildFile; fileRef = C9E9D7DE1F10F3FE00A870C4 /* png1.png */; };
		C9E9D8131F10F3FE00A870C4 /* png2.png in Resources */ = {isa = PBXBuildFile; fileRef = C9E9D7DF1F10F3FE00A870C4 /* png2.png */; };
		C9E9D8141F10F3FE00A870C4 /* png3.png in Resources */ = {isa = PBXBuildFile; fileRef = C9E9D7E01F10F3FE00A870C4 /* png3.png */; };
		C9E9D8151F10F3FE00A870C4 /* png4.png in Resources */ = {isa = PBXBuildFile; fileRef = C9E9D7E11F10F3FE00A870C4 /* png4.png */; };
		C9E9D8161F10F3FE00A870C4 /* png5.png in Resources */ = {isa = PBXBuildFile; fileRef = C9E9D7E21F10F3FE00A870C4 /* png5.png */; };
		C9E9D8171F10F3FE00A870C4 /* png6.png in Resources */ = {isa = PBXBuildFile; fileRef = C9E9D7E31F10F3FE00A870C4 /* png6.png */; };
		C9E9D8181F10F3FE00A870C4 /* png7.png in Resources */ = {isa = PBXBuildFile; fileRef = C9E9D7E41F10F3FE00A870C4 /* png7.png */; };
		C9E9D8191F10F3FE00A870C4 /* png8.png in Resources */ = {isa = PBXBuildFile; fileRef = C9E9D7E51F10F3FE00A870C4 /* png8.png */; };
		C9E9D81A1F10F3FE00A870C4 /* png9.png in Resources */ = {isa = PBXBuildFile; fileRef = C9E9D7E61F10F3FE00A870C4 /* png9.png */; };
		C9E9D8261F10F81000A870C4 /* image3.jpg in Resources */ = {isa = PBXBuildFile; fileRef = C9E9D81C1F10F81000A870C4 /* image3.jpg */; };
		C9E9D8271F10F81000A870C4 /* image7.jpg in Resources */ = {isa = PBXBuildFile; fileRef = C9E9D81D1F10F81000A870C4 /* image7.jpg */; };
		C9E9D8281F10F81000A870C4 /* image11.jpg in Resources */ = {isa = PBXBuildFile; fileRef = C9E9D81E1F10F81000A870C4 /* image11.jpg */; };
		C9E9D8291F10F81000A870C4 /* image12.jpg in Resources */ = {isa = PBXBuildFile; fileRef = C9E9D81F1F10F81000A870C4 /* image12.jpg */; };
		C9E9D82A1F10F81000A870C4 /* image17.jpg in Resources */ = {isa = PBXBuildFile; fileRef = C9E9D8201F10F81000A870C4 /* image17.jpg */; };
		C9E9D82B1F10F81000A870C4 /* image25.jpg in Resources */ = {isa = PBXBuildFile; fileRef = C9E9D8211F10F81000A870C4 /* image25.jpg */; };
		C9E9D82C1F10F81000A870C4 /* image27.jpg in Resources */ = {isa = PBXBuildFile; fileRef = C9E9D8221F10F81000A870C4 /* image27.jpg */; };
		C9E9D82D1F10F81000A870C4 /* image31.jpeg in Resources */ = {isa = PBXBuildFile; fileRef = C9E9D8231F10F81000A870C4 /* image31.jpeg */; };
		C9E9D82E1F10F81000A870C4 /* image32.jpg in Resources */ = {isa = PBXBuildFile; fileRef = C9E9D8241F10F81000A870C4 /* image32.jpg */; };
		C9E9D82F1F10F81000A870C4 /* image33.jpg in Resources */ = {isa = PBXBuildFile; fileRef = C9E9D8251F10F81000A870C4 /* image33.jpg */; };
		C9E9D8611F1CDCA300A870C4 /* image43.jpg in Resources */ = {isa = PBXBuildFile; fileRef = C9E9D84C1F1CDCA300A870C4 /* image43.jpg */; };
		C9E9D8621F1CDCA300A870C4 /* image44.jpg in Resources */ = {isa = PBXBuildFile; fileRef = C9E9D84D1F1CDCA300A870C4 /* image44.jpg */; };
		C9E9D8631F1CDCA300A870C4 /* image45.jpg in Resources */ = {isa = PBXBuildFile; fileRef = C9E9D84E1F1CDCA300A870C4 /* image45.jpg */; };
		C9E9D8641F1CDCA300A870C4 /* image46.jpg in Resources */ = {isa = PBXBuildFile; fileRef = C9E9D84F1F1CDCA300A870C4 /* image46.jpg */; };
		C9E9D8651F1CDCA300A870C4 /* image47.jpg in Resources */ = {isa = PBXBuildFile; fileRef = C9E9D8501F1CDCA300A870C4 /* image47.jpg */; };
		C9E9D8661F1CDCA300A870C4 /* image48.jpg in Resources */ = {isa = PBXBuildFile; fileRef = C9E9D8511F1CDCA300A870C4 /* image48.jpg */; };
		C9E9D8671F1CDCA300A870C4 /* image49.jpg in Resources */ = {isa = PBXBuildFile; fileRef = C9E9D8521F1CDCA300A870C4 /* image49.jpg */; };
		C9E9D8681F1CDCA300A870C4 /* image50.jpg in Resources */ = {isa = PBXBuildFile; fileRef = C9E9D8531F1CDCA300A870C4 /* image50.jpg */; };
		C9E9D8691F1CDCA300A870C4 /* image51.jpg in Resources */ = {isa = PBXBuildFile; fileRef = C9E9D8541F1CDCA300A870C4 /* image51.jpg */; };
		C9E9D86A1F1CDCA300A870C4 /* image52.jpg in Resources */ = {isa = PBXBuildFile; fileRef = C9E9D8551F1CDCA300A870C4 /* image52.jpg */; };
		C9E9D86B1F1CDCA300A870C4 /* image53.jpg in Resources */ = {isa = PBXBuildFile; fileRef = C9E9D8561F1CDCA300A870C4 /* image53.jpg */; };
		C9E9D86C1F1CDCA300A870C4 /* image54.jpg in Resources */ = {isa = PBXBuildFile; fileRef = C9E9D8571F1CDCA300A870C4 /* image54.jpg */; };
		C9E9D86D1F1CDCA300A870C4 /* image55.jpg in Resources */ = {isa = PBXBuildFile; fileRef = C9E9D8581F1CDCA300A870C4 /* image55.jpg */; };
		C9E9D86E1F1CDCA300A870C4 /* image56.jpg in Resources */ = {isa = PBXBuildFile; fileRef = C9E9D8591F1CDCA300A870C4 /* image56.jpg */; };
		C9E9D86F1F1CDCA300A870C4 /* image57.jpg in Resources */ = {isa = PBXBuildFile; fileRef = C9E9D85A1F1CDCA300A870C4 /* image57.jpg */; };
		C9E9D8701F1CDCA300A870C4 /* image58.jpg in Resources */ = {isa = PBXBuildFile; fileRef = C9E9D85B1F1CDCA300A870C4 /* image58.jpg */; };
		C9E9D8711F1CDCA300A870C4 /* image59.jpg in Resources */ = {isa = PBXBuildFile; fileRef = C9E9D85C1F1CDCA300A870C4 /* image59.jpg */; };
		C9E9D8721F1CDCA300A870C4 /* image60.jpg in Resources */ = {isa = PBXBuildFile; fileRef = C9E9D85D1F1CDCA300A870C4 /* image60.jpg */; };
		C9E9D8731F1CDCA300A870C4 /* image61.jpg in Resources */ = {isa = PBXBuildFile; fileRef = C9E9D85E1F1CDCA300A870C4 /* image61.jpg */; };
		C9E9D8741F1CDCA300A870C4 /* image62.jpg in Resources */ = {isa = PBXBuildFile; fileRef = C9E9D85F1F1CDCA300A870C4 /* image62.jpg */; };
		C9E9D8751F1CDCA300A870C4 /* image63.jpg in Resources */ = {isa = PBXBuildFile; fileRef = C9E9D8601F1CDCA300A870C4 /* image63.jpg */; };
		C9E9D8771F1CDE6400A870C4 /* InputTimeView.swift in Sources */ = {isa = PBXBuildFile; fileRef = C9E9D8761F1CDE6400A870C4 /* InputTimeView.swift */; };
		C9E9D8791F1CDF2F00A870C4 /* DataContainer.swift in Sources */ = {isa = PBXBuildFile; fileRef = C9E9D8781F1CDF2F00A870C4 /* DataContainer.swift */; };
		C9EBA9EE1EF27CE10039FB9C /* AppDelegate.swift in Sources */ = {isa = PBXBuildFile; fileRef = C9EBA9ED1EF27CE10039FB9C /* AppDelegate.swift */; };
		C9EBAA001EF28ECF0039FB9C /* ChatTableViewController.swift in Sources */ = {isa = PBXBuildFile; fileRef = C9EBA9FF1EF28ECF0039FB9C /* ChatTableViewController.swift */; };
		C9EBAA021EF28EFC0039FB9C /* ChatRoomTableViewCell.swift in Sources */ = {isa = PBXBuildFile; fileRef = C9EBAA011EF28EFC0039FB9C /* ChatRoomTableViewCell.swift */; };
		C9EBAA1E1EF28F0E0039FB9C /* FTChatMessageBubbleAudioItem.swift in Sources */ = {isa = PBXBuildFile; fileRef = C9EBAA061EF28F0E0039FB9C /* FTChatMessageBubbleAudioItem.swift */; };
		C9EBAA1F1EF28F0E0039FB9C /* FTChatMessageBubbleImageItem.swift in Sources */ = {isa = PBXBuildFile; fileRef = C9EBAA071EF28F0E0039FB9C /* FTChatMessageBubbleImageItem.swift */; };
		C9EBAA201EF28F0E0039FB9C /* FTChatMessageBubbleItem.swift in Sources */ = {isa = PBXBuildFile; fileRef = C9EBAA081EF28F0E0039FB9C /* FTChatMessageBubbleItem.swift */; };
		C9EBAA211EF28F0E0039FB9C /* FTChatMessageBubbleLocationItem.swift in Sources */ = {isa = PBXBuildFile; fileRef = C9EBAA091EF28F0E0039FB9C /* FTChatMessageBubbleLocationItem.swift */; };
		C9EBAA221EF28F0E0039FB9C /* FTChatMessageBubbleTextItem.swift in Sources */ = {isa = PBXBuildFile; fileRef = C9EBAA0A1EF28F0E0039FB9C /* FTChatMessageBubbleTextItem.swift */; };
		C9EBAA231EF28F0E0039FB9C /* FTChatMessageBubbleVideoItem.swift in Sources */ = {isa = PBXBuildFile; fileRef = C9EBAA0B1EF28F0E0039FB9C /* FTChatMessageBubbleVideoItem.swift */; };
		C9EBAA241EF28F0E0039FB9C /* FTChatMessageCell.swift in Sources */ = {isa = PBXBuildFile; fileRef = C9EBAA0C1EF28F0E0039FB9C /* FTChatMessageCell.swift */; };
		C9EBAA251EF28F0E0039FB9C /* FTChatMessageDeliverStatusView.swift in Sources */ = {isa = PBXBuildFile; fileRef = C9EBAA0D1EF28F0E0039FB9C /* FTChatMessageDeliverStatusView.swift */; };
		C9EBAA261EF28F0E0039FB9C /* FTChatMessageConversation.swift in Sources */ = {isa = PBXBuildFile; fileRef = C9EBAA0E1EF28F0E0039FB9C /* FTChatMessageConversation.swift */; };
		C9EBAA271EF28F0E0039FB9C /* FTChatMessageDataSource.swift in Sources */ = {isa = PBXBuildFile; fileRef = C9EBAA0F1EF28F0E0039FB9C /* FTChatMessageDataSource.swift */; };
		C9EBAA281EF28F0E0039FB9C /* FTChatMessageDelegate.swift in Sources */ = {isa = PBXBuildFile; fileRef = C9EBAA101EF28F0E0039FB9C /* FTChatMessageDelegate.swift */; };
		C9EBAA291EF28F0E0039FB9C /* FTChatMessageExtensions.swift in Sources */ = {isa = PBXBuildFile; fileRef = C9EBAA111EF28F0E0039FB9C /* FTChatMessageExtensions.swift */; };
		C9EBAA2A1EF28F0E0039FB9C /* FTChatMessageHeader.swift in Sources */ = {isa = PBXBuildFile; fileRef = C9EBAA131EF28F0E0039FB9C /* FTChatMessageHeader.swift */; };
		C9EBAA2B1EF28F0E0039FB9C /* FTChatMessageInputView.swift in Sources */ = {isa = PBXBuildFile; fileRef = C9EBAA151EF28F0E0039FB9C /* FTChatMessageInputView.swift */; };
		C9EBAA2C1EF28F0E0039FB9C /* FTChatMessageInputView.xib in Resources */ = {isa = PBXBuildFile; fileRef = C9EBAA161EF28F0E0039FB9C /* FTChatMessageInputView.xib */; };
		C9EBAA2D1EF28F0E0039FB9C /* FTChatMessageRecorderView.swift in Sources */ = {isa = PBXBuildFile; fileRef = C9EBAA171EF28F0E0039FB9C /* FTChatMessageRecorderView.swift */; };
		C9EBAA2E1EF28F0E0039FB9C /* FTChatMessageRecorderView.xib in Resources */ = {isa = PBXBuildFile; fileRef = C9EBAA181EF28F0E0039FB9C /* FTChatMessageRecorderView.xib */; };
		C9EBAA2F1EF28F0E0039FB9C /* FTChatMessageMarcos.swift in Sources */ = {isa = PBXBuildFile; fileRef = C9EBAA191EF28F0E0039FB9C /* FTChatMessageMarcos.swift */; };
		C9EBAA301EF28F0E0039FB9C /* FTChatMessageModel.swift in Sources */ = {isa = PBXBuildFile; fileRef = C9EBAA1A1EF28F0E0039FB9C /* FTChatMessageModel.swift */; };
		C9EBAA311EF28F0E0039FB9C /* FTChatMessageTableViewController+DataSource.swift in Sources */ = {isa = PBXBuildFile; fileRef = C9EBAA1B1EF28F0E0039FB9C /* FTChatMessageTableViewController+DataSource.swift */; };
		C9EBAA321EF28F0E0039FB9C /* FTChatMessageTableViewController.swift in Sources */ = {isa = PBXBuildFile; fileRef = C9EBAA1C1EF28F0E0039FB9C /* FTChatMessageTableViewController.swift */; };
		C9EBAA331EF28F0E0039FB9C /* FTChatMessageUserModel.swift in Sources */ = {isa = PBXBuildFile; fileRef = C9EBAA1D1EF28F0E0039FB9C /* FTChatMessageUserModel.swift */; };
		D95F187A78E98893EEE6A227 /* Pods_DepressionChat.framework in Frameworks */ = {isa = PBXBuildFile; fileRef = 5DB97365B4C1392DDB5063F7 /* Pods_DepressionChat.framework */; };
/* End PBXBuildFile section */

/* Begin PBXFileReference section */
		29A3AFF333CF3AC178DA81A5 /* Pods-DepressionChat.debug.xcconfig */ = {isa = PBXFileReference; includeInIndex = 1; lastKnownFileType = text.xcconfig; name = "Pods-DepressionChat.debug.xcconfig"; path = "Pods/Target Support Files/Pods-DepressionChat/Pods-DepressionChat.debug.xcconfig"; sourceTree = "<group>"; };
		5DB97365B4C1392DDB5063F7 /* Pods_DepressionChat.framework */ = {isa = PBXFileReference; explicitFileType = wrapper.framework; includeInIndex = 0; path = Pods_DepressionChat.framework; sourceTree = BUILT_PRODUCTS_DIR; };
		9F9F3DE102B2DA20A2633529 /* Pods-DepressionChat.release.xcconfig */ = {isa = PBXFileReference; includeInIndex = 1; lastKnownFileType = text.xcconfig; name = "Pods-DepressionChat.release.xcconfig"; path = "Pods/Target Support Files/Pods-DepressionChat/Pods-DepressionChat.release.xcconfig"; sourceTree = "<group>"; };
		C999F7E51EF79F5000A8D742 /* Assets.xcassets */ = {isa = PBXFileReference; lastKnownFileType = folder.assetcatalog; path = Assets.xcassets; sourceTree = "<group>"; };
		C999F7E71EF79F5000A8D742 /* Base */ = {isa = PBXFileReference; lastKnownFileType = file.storyboard; name = Base; path = Base.lproj/LaunchScreen.storyboard; sourceTree = "<group>"; };
		C999F7E91EF79F5000A8D742 /* Base */ = {isa = PBXFileReference; lastKnownFileType = file.storyboard; name = Base; path = Base.lproj/Main.storyboard; sourceTree = "<group>"; };
		C999F7EB1EF79F5000A8D742 /* Info.plist */ = {isa = PBXFileReference; fileEncoding = 4; lastKnownFileType = text.plist.xml; path = Info.plist; sourceTree = "<group>"; };
		C999F7F61EF7A1E000A8D742 /* quotes.txt */ = {isa = PBXFileReference; fileEncoding = 4; lastKnownFileType = text; path = quotes.txt; sourceTree = "<group>"; };
		C9E9D7AE1F0F8AC100A870C4 /* Color.swift */ = {isa = PBXFileReference; fileEncoding = 4; lastKnownFileType = sourcecode.swift; path = Color.swift; sourceTree = "<group>"; };
		C9E9D7B41F10F3FE00A870C4 /* image1.jpg */ = {isa = PBXFileReference; lastKnownFileType = image.jpeg; path = image1.jpg; sourceTree = "<group>"; };
		C9E9D7B51F10F3FE00A870C4 /* image2.jpg */ = {isa = PBXFileReference; lastKnownFileType = image.jpeg; path = image2.jpg; sourceTree = "<group>"; };
		C9E9D7B61F10F3FE00A870C4 /* image4.jpg */ = {isa = PBXFileReference; lastKnownFileType = image.jpeg; path = image4.jpg; sourceTree = "<group>"; };
		C9E9D7B71F10F3FE00A870C4 /* image5.jpg */ = {isa = PBXFileReference; lastKnownFileType = image.jpeg; path = image5.jpg; sourceTree = "<group>"; };
		C9E9D7B81F10F3FE00A870C4 /* image6.jpg */ = {isa = PBXFileReference; lastKnownFileType = image.jpeg; path = image6.jpg; sourceTree = "<group>"; };
		C9E9D7B91F10F3FE00A870C4 /* image8.jpg */ = {isa = PBXFileReference; lastKnownFileType = image.jpeg; path = image8.jpg; sourceTree = "<group>"; };
		C9E9D7BA1F10F3FE00A870C4 /* image9.jpg */ = {isa = PBXFileReference; lastKnownFileType = image.jpeg; path = image9.jpg; sourceTree = "<group>"; };
		C9E9D7BB1F10F3FE00A870C4 /* image10.jpg */ = {isa = PBXFileReference; lastKnownFileType = image.jpeg; path = image10.jpg; sourceTree = "<group>"; };
		C9E9D7BC1F10F3FE00A870C4 /* image13.jpg */ = {isa = PBXFileReference; lastKnownFileType = image.jpeg; path = image13.jpg; sourceTree = "<group>"; };
		C9E9D7BD1F10F3FE00A870C4 /* image14.jpg */ = {isa = PBXFileReference; lastKnownFileType = image.jpeg; path = image14.jpg; sourceTree = "<group>"; };
		C9E9D7BE1F10F3FE00A870C4 /* image15.jpg */ = {isa = PBXFileReference; lastKnownFileType = image.jpeg; path = image15.jpg; sourceTree = "<group>"; };
		C9E9D7BF1F10F3FE00A870C4 /* image16.jpg */ = {isa = PBXFileReference; lastKnownFileType = image.jpeg; path = image16.jpg; sourceTree = "<group>"; };
		C9E9D7C01F10F3FE00A870C4 /* image18.jpg */ = {isa = PBXFileReference; lastKnownFileType = image.jpeg; path = image18.jpg; sourceTree = "<group>"; };
		C9E9D7C11F10F3FE00A870C4 /* image19.jpg */ = {isa = PBXFileReference; lastKnownFileType = image.jpeg; path = image19.jpg; sourceTree = "<group>"; };
		C9E9D7C21F10F3FE00A870C4 /* image20.jpg */ = {isa = PBXFileReference; lastKnownFileType = image.jpeg; path = image20.jpg; sourceTree = "<group>"; };
		C9E9D7C31F10F3FE00A870C4 /* image21.jpg */ = {isa = PBXFileReference; lastKnownFileType = image.jpeg; path = image21.jpg; sourceTree = "<group>"; };
		C9E9D7C41F10F3FE00A870C4 /* image22.jpg */ = {isa = PBXFileReference; lastKnownFileType = image.jpeg; path = image22.jpg; sourceTree = "<group>"; };
		C9E9D7C51F10F3FE00A870C4 /* image23.jpg */ = {isa = PBXFileReference; lastKnownFileType = image.jpeg; path = image23.jpg; sourceTree = "<group>"; };
		C9E9D7C61F10F3FE00A870C4 /* image24.jpg */ = {isa = PBXFileReference; lastKnownFileType = image.jpeg; path = image24.jpg; sourceTree = "<group>"; };
		C9E9D7C71F10F3FE00A870C4 /* image26.jpg */ = {isa = PBXFileReference; lastKnownFileType = image.jpeg; path = image26.jpg; sourceTree = "<group>"; };
		C9E9D7C81F10F3FE00A870C4 /* image28.jpg */ = {isa = PBXFileReference; lastKnownFileType = image.jpeg; path = image28.jpg; sourceTree = "<group>"; };
		C9E9D7C91F10F3FE00A870C4 /* image29.jpg */ = {isa = PBXFileReference; lastKnownFileType = image.jpeg; path = image29.jpg; sourceTree = "<group>"; };
		C9E9D7CA1F10F3FE00A870C4 /* image30.jpg */ = {isa = PBXFileReference; lastKnownFileType = image.jpeg; path = image30.jpg; sourceTree = "<group>"; };
		C9E9D7CC1F10F3FE00A870C4 /* image34.jpg */ = {isa = PBXFileReference; lastKnownFileType = image.jpeg; path = image34.jpg; sourceTree = "<group>"; };
		C9E9D7CD1F10F3FE00A870C4 /* image35.jpg */ = {isa = PBXFileReference; lastKnownFileType = image.jpeg; path = image35.jpg; sourceTree = "<group>"; };
		C9E9D7CE1F10F3FE00A870C4 /* image36.jpg */ = {isa = PBXFileReference; lastKnownFileType = image.jpeg; path = image36.jpg; sourceTree = "<group>"; };
		C9E9D7CF1F10F3FE00A870C4 /* image37.jpg */ = {isa = PBXFileReference; lastKnownFileType = image.jpeg; path = image37.jpg; sourceTree = "<group>"; };
		C9E9D7D01F10F3FE00A870C4 /* image38.jpg */ = {isa = PBXFileReference; lastKnownFileType = image.jpeg; path = image38.jpg; sourceTree = "<group>"; };
		C9E9D7D11F10F3FE00A870C4 /* image39.jpg */ = {isa = PBXFileReference; lastKnownFileType = image.jpeg; path = image39.jpg; sourceTree = "<group>"; };
		C9E9D7D21F10F3FE00A870C4 /* image40.jpg */ = {isa = PBXFileReference; lastKnownFileType = image.jpeg; path = image40.jpg; sourceTree = "<group>"; };
		C9E9D7D31F10F3FE00A870C4 /* image41.jpg */ = {isa = PBXFileReference; lastKnownFileType = image.jpeg; path = image41.jpg; sourceTree = "<group>"; };
		C9E9D7D41F10F3FE00A870C4 /* image42.jpg */ = {isa = PBXFileReference; lastKnownFileType = image.jpeg; path = image42.jpg; sourceTree = "<group>"; };
		C9E9D7DE1F10F3FE00A870C4 /* png1.png */ = {isa = PBXFileReference; lastKnownFileType = image.png; path = png1.png; sourceTree = "<group>"; };
		C9E9D7DF1F10F3FE00A870C4 /* png2.png */ = {isa = PBXFileReference; lastKnownFileType = image.png; path = png2.png; sourceTree = "<group>"; };
		C9E9D7E01F10F3FE00A870C4 /* png3.png */ = {isa = PBXFileReference; lastKnownFileType = image.png; path = png3.png; sourceTree = "<group>"; };
		C9E9D7E11F10F3FE00A870C4 /* png4.png */ = {isa = PBXFileReference; lastKnownFileType = image.png; path = png4.png; sourceTree = "<group>"; };
		C9E9D7E21F10F3FE00A870C4 /* png5.png */ = {isa = PBXFileReference; lastKnownFileType = image.png; path = png5.png; sourceTree = "<group>"; };
		C9E9D7E31F10F3FE00A870C4 /* png6.png */ = {isa = PBXFileReference; lastKnownFileType = image.png; path = png6.png; sourceTree = "<group>"; };
		C9E9D7E41F10F3FE00A870C4 /* png7.png */ = {isa = PBXFileReference; lastKnownFileType = image.png; path = png7.png; sourceTree = "<group>"; };
		C9E9D7E51F10F3FE00A870C4 /* png8.png */ = {isa = PBXFileReference; lastKnownFileType = image.png; path = png8.png; sourceTree = "<group>"; };
		C9E9D7E61F10F3FE00A870C4 /* png9.png */ = {isa = PBXFileReference; lastKnownFileType = image.png; path = png9.png; sourceTree = "<group>"; };
		C9E9D81C1F10F81000A870C4 /* image3.jpg */ = {isa = PBXFileReference; lastKnownFileType = image.jpeg; path = image3.jpg; sourceTree = "<group>"; };
		C9E9D81D1F10F81000A870C4 /* image7.jpg */ = {isa = PBXFileReference; lastKnownFileType = image.jpeg; path = image7.jpg; sourceTree = "<group>"; };
		C9E9D81E1F10F81000A870C4 /* image11.jpg */ = {isa = PBXFileReference; lastKnownFileType = image.jpeg; path = image11.jpg; sourceTree = "<group>"; };
		C9E9D81F1F10F81000A870C4 /* image12.jpg */ = {isa = PBXFileReference; lastKnownFileType = image.jpeg; path = image12.jpg; sourceTree = "<group>"; };
		C9E9D8201F10F81000A870C4 /* image17.jpg */ = {isa = PBXFileReference; lastKnownFileType = image.jpeg; path = image17.jpg; sourceTree = "<group>"; };
		C9E9D8211F10F81000A870C4 /* image25.jpg */ = {isa = PBXFileReference; lastKnownFileType = image.jpeg; path = image25.jpg; sourceTree = "<group>"; };
		C9E9D8221F10F81000A870C4 /* image27.jpg */ = {isa = PBXFileReference; lastKnownFileType = image.jpeg; path = image27.jpg; sourceTree = "<group>"; };
		C9E9D8231F10F81000A870C4 /* image31.jpeg */ = {isa = PBXFileReference; lastKnownFileType = image.jpeg; path = image31.jpeg; sourceTree = "<group>"; };
		C9E9D8241F10F81000A870C4 /* image32.jpg */ = {isa = PBXFileReference; lastKnownFileType = image.jpeg; path = image32.jpg; sourceTree = "<group>"; };
		C9E9D8251F10F81000A870C4 /* image33.jpg */ = {isa = PBXFileReference; lastKnownFileType = image.jpeg; path = image33.jpg; sourceTree = "<group>"; };
		C9E9D84C1F1CDCA300A870C4 /* image43.jpg */ = {isa = PBXFileReference; lastKnownFileType = image.jpeg; path = image43.jpg; sourceTree = "<group>"; };
		C9E9D84D1F1CDCA300A870C4 /* image44.jpg */ = {isa = PBXFileReference; lastKnownFileType = image.jpeg; path = image44.jpg; sourceTree = "<group>"; };
		C9E9D84E1F1CDCA300A870C4 /* image45.jpg */ = {isa = PBXFileReference; lastKnownFileType = image.jpeg; path = image45.jpg; sourceTree = "<group>"; };
		C9E9D84F1F1CDCA300A870C4 /* image46.jpg */ = {isa = PBXFileReference; lastKnownFileType = image.jpeg; path = image46.jpg; sourceTree = "<group>"; };
		C9E9D8501F1CDCA300A870C4 /* image47.jpg */ = {isa = PBXFileReference; lastKnownFileType = image.jpeg; path = image47.jpg; sourceTree = "<group>"; };
		C9E9D8511F1CDCA300A870C4 /* image48.jpg */ = {isa = PBXFileReference; lastKnownFileType = image.jpeg; path = image48.jpg; sourceTree = "<group>"; };
		C9E9D8521F1CDCA300A870C4 /* image49.jpg */ = {isa = PBXFileReference; lastKnownFileType = image.jpeg; path = image49.jpg; sourceTree = "<group>"; };
		C9E9D8531F1CDCA300A870C4 /* image50.jpg */ = {isa = PBXFileReference; lastKnownFileType = image.jpeg; path = image50.jpg; sourceTree = "<group>"; };
		C9E9D8541F1CDCA300A870C4 /* image51.jpg */ = {isa = PBXFileReference; lastKnownFileType = image.jpeg; path = image51.jpg; sourceTree = "<group>"; };
		C9E9D8551F1CDCA300A870C4 /* image52.jpg */ = {isa = PBXFileReference; lastKnownFileType = image.jpeg; path = image52.jpg; sourceTree = "<group>"; };
		C9E9D8561F1CDCA300A870C4 /* image53.jpg */ = {isa = PBXFileReference; lastKnownFileType = image.jpeg; path = image53.jpg; sourceTree = "<group>"; };
		C9E9D8571F1CDCA300A870C4 /* image54.jpg */ = {isa = PBXFileReference; lastKnownFileType = image.jpeg; path = image54.jpg; sourceTree = "<group>"; };
		C9E9D8581F1CDCA300A870C4 /* image55.jpg */ = {isa = PBXFileReference; lastKnownFileType = image.jpeg; path = image55.jpg; sourceTree = "<group>"; };
		C9E9D8591F1CDCA300A870C4 /* image56.jpg */ = {isa = PBXFileReference; lastKnownFileType = image.jpeg; path = image56.jpg; sourceTree = "<group>"; };
		C9E9D85A1F1CDCA300A870C4 /* image57.jpg */ = {isa = PBXFileReference; lastKnownFileType = image.jpeg; path = image57.jpg; sourceTree = "<group>"; };
		C9E9D85B1F1CDCA300A870C4 /* image58.jpg */ = {isa = PBXFileReference; lastKnownFileType = image.jpeg; path = image58.jpg; sourceTree = "<group>"; };
		C9E9D85C1F1CDCA300A870C4 /* image59.jpg */ = {isa = PBXFileReference; lastKnownFileType = image.jpeg; path = image59.jpg; sourceTree = "<group>"; };
		C9E9D85D1F1CDCA300A870C4 /* image60.jpg */ = {isa = PBXFileReference; lastKnownFileType = image.jpeg; path = image60.jpg; sourceTree = "<group>"; };
		C9E9D85E1F1CDCA300A870C4 /* image61.jpg */ = {isa = PBXFileReference; lastKnownFileType = image.jpeg; path = image61.jpg; sourceTree = "<group>"; };
		C9E9D85F1F1CDCA300A870C4 /* image62.jpg */ = {isa = PBXFileReference; lastKnownFileType = image.jpeg; path = image62.jpg; sourceTree = "<group>"; };
		C9E9D8601F1CDCA300A870C4 /* image63.jpg */ = {isa = PBXFileReference; lastKnownFileType = image.jpeg; path = image63.jpg; sourceTree = "<group>"; };
		C9E9D8761F1CDE6400A870C4 /* InputTimeView.swift */ = {isa = PBXFileReference; fileEncoding = 4; lastKnownFileType = sourcecode.swift; path = InputTimeView.swift; sourceTree = "<group>"; };
		C9E9D8781F1CDF2F00A870C4 /* DataContainer.swift */ = {isa = PBXFileReference; fileEncoding = 4; lastKnownFileType = sourcecode.swift; path = DataContainer.swift; sourceTree = "<group>"; };
		C9EBA9EA1EF27CE10039FB9C /* DepressionChat.app */ = {isa = PBXFileReference; explicitFileType = wrapper.application; includeInIndex = 0; path = DepressionChat.app; sourceTree = BUILT_PRODUCTS_DIR; };
		C9EBA9ED1EF27CE10039FB9C /* AppDelegate.swift */ = {isa = PBXFileReference; lastKnownFileType = sourcecode.swift; path = AppDelegate.swift; sourceTree = "<group>"; };
		C9EBA9FF1EF28ECF0039FB9C /* ChatTableViewController.swift */ = {isa = PBXFileReference; fileEncoding = 4; lastKnownFileType = sourcecode.swift; path = ChatTableViewController.swift; sourceTree = "<group>"; };
		C9EBAA011EF28EFC0039FB9C /* ChatRoomTableViewCell.swift */ = {isa = PBXFileReference; fileEncoding = 4; lastKnownFileType = sourcecode.swift; path = ChatRoomTableViewCell.swift; sourceTree = "<group>"; };
		C9EBAA061EF28F0E0039FB9C /* FTChatMessageBubbleAudioItem.swift */ = {isa = PBXFileReference; fileEncoding = 4; lastKnownFileType = sourcecode.swift; path = FTChatMessageBubbleAudioItem.swift; sourceTree = "<group>"; };
		C9EBAA071EF28F0E0039FB9C /* FTChatMessageBubbleImageItem.swift */ = {isa = PBXFileReference; fileEncoding = 4; lastKnownFileType = sourcecode.swift; path = FTChatMessageBubbleImageItem.swift; sourceTree = "<group>"; };
		C9EBAA081EF28F0E0039FB9C /* FTChatMessageBubbleItem.swift */ = {isa = PBXFileReference; fileEncoding = 4; lastKnownFileType = sourcecode.swift; path = FTChatMessageBubbleItem.swift; sourceTree = "<group>"; };
		C9EBAA091EF28F0E0039FB9C /* FTChatMessageBubbleLocationItem.swift */ = {isa = PBXFileReference; fileEncoding = 4; lastKnownFileType = sourcecode.swift; path = FTChatMessageBubbleLocationItem.swift; sourceTree = "<group>"; };
		C9EBAA0A1EF28F0E0039FB9C /* FTChatMessageBubbleTextItem.swift */ = {isa = PBXFileReference; fileEncoding = 4; lastKnownFileType = sourcecode.swift; path = FTChatMessageBubbleTextItem.swift; sourceTree = "<group>"; };
		C9EBAA0B1EF28F0E0039FB9C /* FTChatMessageBubbleVideoItem.swift */ = {isa = PBXFileReference; fileEncoding = 4; lastKnownFileType = sourcecode.swift; path = FTChatMessageBubbleVideoItem.swift; sourceTree = "<group>"; };
		C9EBAA0C1EF28F0E0039FB9C /* FTChatMessageCell.swift */ = {isa = PBXFileReference; fileEncoding = 4; lastKnownFileType = sourcecode.swift; path = FTChatMessageCell.swift; sourceTree = "<group>"; };
		C9EBAA0D1EF28F0E0039FB9C /* FTChatMessageDeliverStatusView.swift */ = {isa = PBXFileReference; fileEncoding = 4; lastKnownFileType = sourcecode.swift; path = FTChatMessageDeliverStatusView.swift; sourceTree = "<group>"; };
		C9EBAA0E1EF28F0E0039FB9C /* FTChatMessageConversation.swift */ = {isa = PBXFileReference; fileEncoding = 4; lastKnownFileType = sourcecode.swift; path = FTChatMessageConversation.swift; sourceTree = "<group>"; };
		C9EBAA0F1EF28F0E0039FB9C /* FTChatMessageDataSource.swift */ = {isa = PBXFileReference; fileEncoding = 4; lastKnownFileType = sourcecode.swift; path = FTChatMessageDataSource.swift; sourceTree = "<group>"; };
		C9EBAA101EF28F0E0039FB9C /* FTChatMessageDelegate.swift */ = {isa = PBXFileReference; fileEncoding = 4; lastKnownFileType = sourcecode.swift; path = FTChatMessageDelegate.swift; sourceTree = "<group>"; };
		C9EBAA111EF28F0E0039FB9C /* FTChatMessageExtensions.swift */ = {isa = PBXFileReference; fileEncoding = 4; lastKnownFileType = sourcecode.swift; path = FTChatMessageExtensions.swift; sourceTree = "<group>"; };
		C9EBAA131EF28F0E0039FB9C /* FTChatMessageHeader.swift */ = {isa = PBXFileReference; fileEncoding = 4; lastKnownFileType = sourcecode.swift; path = FTChatMessageHeader.swift; sourceTree = "<group>"; };
		C9EBAA151EF28F0E0039FB9C /* FTChatMessageInputView.swift */ = {isa = PBXFileReference; fileEncoding = 4; lastKnownFileType = sourcecode.swift; path = FTChatMessageInputView.swift; sourceTree = "<group>"; };
		C9EBAA161EF28F0E0039FB9C /* FTChatMessageInputView.xib */ = {isa = PBXFileReference; fileEncoding = 4; lastKnownFileType = file.xib; path = FTChatMessageInputView.xib; sourceTree = "<group>"; };
		C9EBAA171EF28F0E0039FB9C /* FTChatMessageRecorderView.swift */ = {isa = PBXFileReference; fileEncoding = 4; lastKnownFileType = sourcecode.swift; path = FTChatMessageRecorderView.swift; sourceTree = "<group>"; };
		C9EBAA181EF28F0E0039FB9C /* FTChatMessageRecorderView.xib */ = {isa = PBXFileReference; fileEncoding = 4; lastKnownFileType = file.xib; path = FTChatMessageRecorderView.xib; sourceTree = "<group>"; };
		C9EBAA191EF28F0E0039FB9C /* FTChatMessageMarcos.swift */ = {isa = PBXFileReference; fileEncoding = 4; lastKnownFileType = sourcecode.swift; path = FTChatMessageMarcos.swift; sourceTree = "<group>"; };
		C9EBAA1A1EF28F0E0039FB9C /* FTChatMessageModel.swift */ = {isa = PBXFileReference; fileEncoding = 4; lastKnownFileType = sourcecode.swift; path = FTChatMessageModel.swift; sourceTree = "<group>"; };
		C9EBAA1B1EF28F0E0039FB9C /* FTChatMessageTableViewController+DataSource.swift */ = {isa = PBXFileReference; fileEncoding = 4; lastKnownFileType = sourcecode.swift; path = "FTChatMessageTableViewController+DataSource.swift"; sourceTree = "<group>"; };
		C9EBAA1C1EF28F0E0039FB9C /* FTChatMessageTableViewController.swift */ = {isa = PBXFileReference; fileEncoding = 4; lastKnownFileType = sourcecode.swift; path = FTChatMessageTableViewController.swift; sourceTree = "<group>"; };
		C9EBAA1D1EF28F0E0039FB9C /* FTChatMessageUserModel.swift */ = {isa = PBXFileReference; fileEncoding = 4; lastKnownFileType = sourcecode.swift; path = FTChatMessageUserModel.swift; sourceTree = "<group>"; };
/* End PBXFileReference section */

/* Begin PBXFrameworksBuildPhase section */
		C9EBA9E71EF27CE10039FB9C /* Frameworks */ = {
			isa = PBXFrameworksBuildPhase;
			buildActionMask = 2147483647;
			files = (
				D95F187A78E98893EEE6A227 /* Pods_DepressionChat.framework in Frameworks */,
			);
			runOnlyForDeploymentPostprocessing = 0;
		};
/* End PBXFrameworksBuildPhase section */

/* Begin PBXGroup section */
		C999F7E41EF79F5000A8D742 /* Resouces */ = {
			isa = PBXGroup;
			children = (
				C9E9D7AE1F0F8AC100A870C4 /* Color.swift */,
				C999F7E51EF79F5000A8D742 /* Assets.xcassets */,
				C999F7F11EF79FC900A8D742 /* images */,
				C999F7E61EF79F5000A8D742 /* LaunchScreen.storyboard */,
				C999F7E81EF79F5000A8D742 /* Main.storyboard */,
				C999F7EB1EF79F5000A8D742 /* Info.plist */,
				C999F7F61EF7A1E000A8D742 /* quotes.txt */,
			);
			path = Resouces;
			sourceTree = "<group>";
		};
		C999F7F11EF79FC900A8D742 /* images */ = {
			isa = PBXGroup;
			children = (
				C9E9D7B41F10F3FE00A870C4 /* image1.jpg */,
				C9E9D7B51F10F3FE00A870C4 /* image2.jpg */,
				C9E9D81C1F10F81000A870C4 /* image3.jpg */,
				C9E9D7B61F10F3FE00A870C4 /* image4.jpg */,
				C9E9D7B71F10F3FE00A870C4 /* image5.jpg */,
				C9E9D7B81F10F3FE00A870C4 /* image6.jpg */,
				C9E9D81D1F10F81000A870C4 /* image7.jpg */,
				C9E9D7B91F10F3FE00A870C4 /* image8.jpg */,
				C9E9D7BA1F10F3FE00A870C4 /* image9.jpg */,
				C9E9D7BB1F10F3FE00A870C4 /* image10.jpg */,
				C9E9D81E1F10F81000A870C4 /* image11.jpg */,
				C9E9D81F1F10F81000A870C4 /* image12.jpg */,
				C9E9D7BC1F10F3FE00A870C4 /* image13.jpg */,
				C9E9D7BD1F10F3FE00A870C4 /* image14.jpg */,
				C9E9D7BE1F10F3FE00A870C4 /* image15.jpg */,
				C9E9D7BF1F10F3FE00A870C4 /* image16.jpg */,
				C9E9D8201F10F81000A870C4 /* image17.jpg */,
				C9E9D7C01F10F3FE00A870C4 /* image18.jpg */,
				C9E9D7C11F10F3FE00A870C4 /* image19.jpg */,
				C9E9D7C21F10F3FE00A870C4 /* image20.jpg */,
				C9E9D7C31F10F3FE00A870C4 /* image21.jpg */,
				C9E9D7C41F10F3FE00A870C4 /* image22.jpg */,
				C9E9D7C51F10F3FE00A870C4 /* image23.jpg */,
				C9E9D7C61F10F3FE00A870C4 /* image24.jpg */,
				C9E9D8211F10F81000A870C4 /* image25.jpg */,
				C9E9D7C71F10F3FE00A870C4 /* image26.jpg */,
				C9E9D8221F10F81000A870C4 /* image27.jpg */,
				C9E9D7C81F10F3FE00A870C4 /* image28.jpg */,
				C9E9D7C91F10F3FE00A870C4 /* image29.jpg */,
				C9E9D7CA1F10F3FE00A870C4 /* image30.jpg */,
				C9E9D8231F10F81000A870C4 /* image31.jpeg */,
				C9E9D8241F10F81000A870C4 /* image32.jpg */,
				C9E9D8251F10F81000A870C4 /* image33.jpg */,
				C9E9D7CC1F10F3FE00A870C4 /* image34.jpg */,
				C9E9D7CD1F10F3FE00A870C4 /* image35.jpg */,
				C9E9D7CE1F10F3FE00A870C4 /* image36.jpg */,
				C9E9D7CF1F10F3FE00A870C4 /* image37.jpg */,
				C9E9D7D01F10F3FE00A870C4 /* image38.jpg */,
				C9E9D7D11F10F3FE00A870C4 /* image39.jpg */,
				C9E9D7D21F10F3FE00A870C4 /* image40.jpg */,
				C9E9D7D31F10F3FE00A870C4 /* image41.jpg */,
				C9E9D7D41F10F3FE00A870C4 /* image42.jpg */,
				C9E9D84C1F1CDCA300A870C4 /* image43.jpg */,
				C9E9D84D1F1CDCA300A870C4 /* image44.jpg */,
				C9E9D84E1F1CDCA300A870C4 /* image45.jpg */,
				C9E9D84F1F1CDCA300A870C4 /* image46.jpg */,
				C9E9D8501F1CDCA300A870C4 /* image47.jpg */,
				C9E9D8511F1CDCA300A870C4 /* image48.jpg */,
				C9E9D8521F1CDCA300A870C4 /* image49.jpg */,
				C9E9D8531F1CDCA300A870C4 /* image50.jpg */,
				C9E9D8541F1CDCA300A870C4 /* image51.jpg */,
				C9E9D8551F1CDCA300A870C4 /* image52.jpg */,
				C9E9D8561F1CDCA300A870C4 /* image53.jpg */,
				C9E9D8571F1CDCA300A870C4 /* image54.jpg */,
				C9E9D8581F1CDCA300A870C4 /* image55.jpg */,
				C9E9D8591F1CDCA300A870C4 /* image56.jpg */,
				C9E9D85A1F1CDCA300A870C4 /* image57.jpg */,
				C9E9D85B1F1CDCA300A870C4 /* image58.jpg */,
				C9E9D85C1F1CDCA300A870C4 /* image59.jpg */,
				C9E9D85D1F1CDCA300A870C4 /* image60.jpg */,
				C9E9D85E1F1CDCA300A870C4 /* image61.jpg */,
				C9E9D85F1F1CDCA300A870C4 /* image62.jpg */,
				C9E9D8601F1CDCA300A870C4 /* image63.jpg */,
				C9E9D7DE1F10F3FE00A870C4 /* png1.png */,
				C9E9D7DF1F10F3FE00A870C4 /* png2.png */,
				C9E9D7E01F10F3FE00A870C4 /* png3.png */,
				C9E9D7E11F10F3FE00A870C4 /* png4.png */,
				C9E9D7E21F10F3FE00A870C4 /* png5.png */,
				C9E9D7E31F10F3FE00A870C4 /* png6.png */,
				C9E9D7E41F10F3FE00A870C4 /* png7.png */,
				C9E9D7E51F10F3FE00A870C4 /* png8.png */,
				C9E9D7E61F10F3FE00A870C4 /* png9.png */,
			);
			path = images;
			sourceTree = "<group>";
		};
		C9EBA9E11EF27CE10039FB9C = {
			isa = PBXGroup;
			children = (
				C9EBA9EC1EF27CE10039FB9C /* DepressionChat */,
				C9EBA9EB1EF27CE10039FB9C /* Products */,
				F3103964D13634CBE4FB43A1 /* Pods */,
				D52A409F9B5A9A7D67EEAA36 /* Frameworks */,
			);
			sourceTree = "<group>";
		};
		C9EBA9EB1EF27CE10039FB9C /* Products */ = {
			isa = PBXGroup;
			children = (
				C9EBA9EA1EF27CE10039FB9C /* DepressionChat.app */,
			);
			name = Products;
			sourceTree = "<group>";
		};
		C9EBA9EC1EF27CE10039FB9C /* DepressionChat */ = {
			isa = PBXGroup;
			children = (
				C9EBAA031EF28F0E0039FB9C /* FTChatMessage */,
				C9EBA9ED1EF27CE10039FB9C /* AppDelegate.swift */,
				C9E9D8781F1CDF2F00A870C4 /* DataContainer.swift */,
				C9E9D8761F1CDE6400A870C4 /* InputTimeView.swift */,
				C9EBA9FF1EF28ECF0039FB9C /* ChatTableViewController.swift */,
				C9EBAA011EF28EFC0039FB9C /* ChatRoomTableViewCell.swift */,
				C999F7E41EF79F5000A8D742 /* Resouces */,
			);
			path = DepressionChat;
			sourceTree = "<group>";
		};
		C9EBAA031EF28F0E0039FB9C /* FTChatMessage */ = {
			isa = PBXGroup;
			children = (
				C9EBAA041EF28F0E0039FB9C /* FTChatMessageCell */,
				C9EBAA0E1EF28F0E0039FB9C /* FTChatMessageConversation.swift */,
				C9EBAA0F1EF28F0E0039FB9C /* FTChatMessageDataSource.swift */,
				C9EBAA101EF28F0E0039FB9C /* FTChatMessageDelegate.swift */,
				C9EBAA111EF28F0E0039FB9C /* FTChatMessageExtensions.swift */,
				C9EBAA121EF28F0E0039FB9C /* FTChatMessageHeader */,
				C9EBAA141EF28F0E0039FB9C /* FTChatMessageInput */,
				C9EBAA191EF28F0E0039FB9C /* FTChatMessageMarcos.swift */,
				C9EBAA1A1EF28F0E0039FB9C /* FTChatMessageModel.swift */,
				C9EBAA1B1EF28F0E0039FB9C /* FTChatMessageTableViewController+DataSource.swift */,
				C9EBAA1C1EF28F0E0039FB9C /* FTChatMessageTableViewController.swift */,
				C9EBAA1D1EF28F0E0039FB9C /* FTChatMessageUserModel.swift */,
			);
			path = FTChatMessage;
			sourceTree = "<group>";
		};
		C9EBAA041EF28F0E0039FB9C /* FTChatMessageCell */ = {
			isa = PBXGroup;
			children = (
				C9EBAA051EF28F0E0039FB9C /* FTChatMessageBubbleItem */,
				C9EBAA0C1EF28F0E0039FB9C /* FTChatMessageCell.swift */,
				C9EBAA0D1EF28F0E0039FB9C /* FTChatMessageDeliverStatusView.swift */,
			);
			path = FTChatMessageCell;
			sourceTree = "<group>";
		};
		C9EBAA051EF28F0E0039FB9C /* FTChatMessageBubbleItem */ = {
			isa = PBXGroup;
			children = (
				C9EBAA061EF28F0E0039FB9C /* FTChatMessageBubbleAudioItem.swift */,
				C9EBAA071EF28F0E0039FB9C /* FTChatMessageBubbleImageItem.swift */,
				C9EBAA081EF28F0E0039FB9C /* FTChatMessageBubbleItem.swift */,
				C9EBAA091EF28F0E0039FB9C /* FTChatMessageBubbleLocationItem.swift */,
				C9EBAA0A1EF28F0E0039FB9C /* FTChatMessageBubbleTextItem.swift */,
				C9EBAA0B1EF28F0E0039FB9C /* FTChatMessageBubbleVideoItem.swift */,
			);
			path = FTChatMessageBubbleItem;
			sourceTree = "<group>";
		};
		C9EBAA121EF28F0E0039FB9C /* FTChatMessageHeader */ = {
			isa = PBXGroup;
			children = (
				C9EBAA131EF28F0E0039FB9C /* FTChatMessageHeader.swift */,
			);
			path = FTChatMessageHeader;
			sourceTree = "<group>";
		};
		C9EBAA141EF28F0E0039FB9C /* FTChatMessageInput */ = {
			isa = PBXGroup;
			children = (
				C9EBAA151EF28F0E0039FB9C /* FTChatMessageInputView.swift */,
				C9EBAA161EF28F0E0039FB9C /* FTChatMessageInputView.xib */,
				C9EBAA171EF28F0E0039FB9C /* FTChatMessageRecorderView.swift */,
				C9EBAA181EF28F0E0039FB9C /* FTChatMessageRecorderView.xib */,
			);
			path = FTChatMessageInput;
			sourceTree = "<group>";
		};
		D52A409F9B5A9A7D67EEAA36 /* Frameworks */ = {
			isa = PBXGroup;
			children = (
				5DB97365B4C1392DDB5063F7 /* Pods_DepressionChat.framework */,
			);
			name = Frameworks;
			sourceTree = "<group>";
		};
		F3103964D13634CBE4FB43A1 /* Pods */ = {
			isa = PBXGroup;
			children = (
				29A3AFF333CF3AC178DA81A5 /* Pods-DepressionChat.debug.xcconfig */,
				9F9F3DE102B2DA20A2633529 /* Pods-DepressionChat.release.xcconfig */,
			);
			name = Pods;
			sourceTree = "<group>";
		};
/* End PBXGroup section */

/* Begin PBXNativeTarget section */
		C9EBA9E91EF27CE10039FB9C /* DepressionChat */ = {
			isa = PBXNativeTarget;
			buildConfigurationList = C9EBA9FC1EF27CE10039FB9C /* Build configuration list for PBXNativeTarget "DepressionChat" */;
			buildPhases = (
				6CDC38D6A221869D6B1F7A34 /* [CP] Check Pods Manifest.lock */,
				C9EBA9E61EF27CE10039FB9C /* Sources */,
				C9EBA9E71EF27CE10039FB9C /* Frameworks */,
				C9EBA9E81EF27CE10039FB9C /* Resources */,
				0D74DA7705DDA14A4654357B /* [CP] Embed Pods Frameworks */,
				8A0F27CAD132D783550A4E3A /* [CP] Copy Pods Resources */,
			);
			buildRules = (
			);
			dependencies = (
			);
			name = DepressionChat;
			productName = DepressionChat;
			productReference = C9EBA9EA1EF27CE10039FB9C /* DepressionChat.app */;
			productType = "com.apple.product-type.application";
		};
/* End PBXNativeTarget section */

/* Begin PBXProject section */
		C9EBA9E21EF27CE10039FB9C /* Project object */ = {
			isa = PBXProject;
			attributes = {
				LastSwiftUpdateCheck = 0830;
				LastUpgradeCheck = 0830;
				ORGANIZATIONNAME = "Qing Jiao";
				TargetAttributes = {
					C9EBA9E91EF27CE10039FB9C = {
						CreatedOnToolsVersion = 8.3.2;
						DevelopmentTeam = NW4B2RFZ4C;
						ProvisioningStyle = Manual;
					};
				};
			};
			buildConfigurationList = C9EBA9E51EF27CE10039FB9C /* Build configuration list for PBXProject "DepressionChat" */;
			compatibilityVersion = "Xcode 3.2";
			developmentRegion = English;
			hasScannedForEncodings = 0;
			knownRegions = (
				en,
				Base,
			);
			mainGroup = C9EBA9E11EF27CE10039FB9C;
			productRefGroup = C9EBA9EB1EF27CE10039FB9C /* Products */;
			projectDirPath = "";
			projectRoot = "";
			targets = (
				C9EBA9E91EF27CE10039FB9C /* DepressionChat */,
			);
		};
/* End PBXProject section */

/* Begin PBXResourcesBuildPhase section */
		C9EBA9E81EF27CE10039FB9C /* Resources */ = {
			isa = PBXResourcesBuildPhase;
			buildActionMask = 2147483647;
			files = (
				C9E9D8731F1CDCA300A870C4 /* image61.jpg in Resources */,
				C9E9D8691F1CDCA300A870C4 /* image51.jpg in Resources */,
				C999F7ED1EF79F5000A8D742 /* LaunchScreen.storyboard in Resources */,
				C9E9D8121F10F3FE00A870C4 /* png1.png in Resources */,
				C9E9D7FA1F10F3FE00A870C4 /* image24.jpg in Resources */,
				C9E9D8671F1CDCA300A870C4 /* image49.jpg in Resources */,
				C9E9D7F61F10F3FE00A870C4 /* image20.jpg in Resources */,
				C9E9D8291F10F81000A870C4 /* image12.jpg in Resources */,
				C9E9D8001F10F3FE00A870C4 /* image34.jpg in Resources */,
				C9E9D86B1F1CDCA300A870C4 /* image53.jpg in Resources */,
				C9E9D86F1F1CDCA300A870C4 /* image57.jpg in Resources */,
				C9E9D8181F10F3FE00A870C4 /* png7.png in Resources */,
				C9E9D8011F10F3FE00A870C4 /* image35.jpg in Resources */,
				C9E9D7FC1F10F3FE00A870C4 /* image28.jpg in Resources */,
				C9E9D7F01F10F3FE00A870C4 /* image13.jpg in Resources */,
				C9E9D86A1F1CDCA300A870C4 /* image52.jpg in Resources */,
				C999F7F71EF7A1E000A8D742 /* quotes.txt in Resources */,
				C9EBAA2E1EF28F0E0039FB9C /* FTChatMessageRecorderView.xib in Resources */,
				C9E9D82E1F10F81000A870C4 /* image32.jpg in Resources */,
				C9EBAA2C1EF28F0E0039FB9C /* FTChatMessageInputView.xib in Resources */,
				C9E9D7FD1F10F3FE00A870C4 /* image29.jpg in Resources */,
				C9E9D8021F10F3FE00A870C4 /* image36.jpg in Resources */,
				C9E9D7F51F10F3FE00A870C4 /* image19.jpg in Resources */,
				C9E9D82C1F10F81000A870C4 /* image27.jpg in Resources */,
				C9E9D7F21F10F3FE00A870C4 /* image15.jpg in Resources */,
				C9E9D8701F1CDCA300A870C4 /* image58.jpg in Resources */,
				C9E9D8061F10F3FE00A870C4 /* image40.jpg in Resources */,
				C9E9D82D1F10F81000A870C4 /* image31.jpeg in Resources */,
				C9E9D7E91F10F3FE00A870C4 /* image2.jpg in Resources */,
				C9E9D8741F1CDCA300A870C4 /* image62.jpg in Resources */,
				C9E9D7F31F10F3FE00A870C4 /* image16.jpg in Resources */,
				C999F7EC1EF79F5000A8D742 /* Assets.xcassets in Resources */,
				C9E9D82F1F10F81000A870C4 /* image33.jpg in Resources */,
				C9E9D7FE1F10F3FE00A870C4 /* image30.jpg in Resources */,
				C9E9D7EC1F10F3FE00A870C4 /* image6.jpg in Resources */,
				C9E9D8041F10F3FE00A870C4 /* image38.jpg in Resources */,
				C9E9D86E1F1CDCA300A870C4 /* image56.jpg in Resources */,
				C9E9D8721F1CDCA300A870C4 /* image60.jpg in Resources */,
				C9E9D7F41F10F3FE00A870C4 /* image18.jpg in Resources */,
				C9E9D7EA1F10F3FE00A870C4 /* image4.jpg in Resources */,
				C9E9D8031F10F3FE00A870C4 /* image37.jpg in Resources */,
				C9E9D8681F1CDCA300A870C4 /* image50.jpg in Resources */,
				C9E9D86C1F1CDCA300A870C4 /* image54.jpg in Resources */,
				C9E9D8161F10F3FE00A870C4 /* png5.png in Resources */,
				C9E9D7EF1F10F3FE00A870C4 /* image10.jpg in Resources */,
				C9E9D7EB1F10F3FE00A870C4 /* image5.jpg in Resources */,
				C9E9D7F71F10F3FE00A870C4 /* image21.jpg in Resources */,
				C9E9D7F81F10F3FE00A870C4 /* image22.jpg in Resources */,
				C9E9D82A1F10F81000A870C4 /* image17.jpg in Resources */,
				C9E9D7ED1F10F3FE00A870C4 /* image8.jpg in Resources */,
				C9E9D81A1F10F3FE00A870C4 /* png9.png in Resources */,
				C9E9D8131F10F3FE00A870C4 /* png2.png in Resources */,
				C9E9D8151F10F3FE00A870C4 /* png4.png in Resources */,
				C9E9D8661F1CDCA300A870C4 /* image48.jpg in Resources */,
				C9E9D7E81F10F3FE00A870C4 /* image1.jpg in Resources */,
				C999F7EE1EF79F5000A8D742 /* Main.storyboard in Resources */,
				C9E9D8071F10F3FE00A870C4 /* image41.jpg in Resources */,
				C9E9D8651F1CDCA300A870C4 /* image47.jpg in Resources */,
				C9E9D8611F1CDCA300A870C4 /* image43.jpg in Resources */,
				C9E9D8751F1CDCA300A870C4 /* image63.jpg in Resources */,
				C999F7F01EF79F5000A8D742 /* Info.plist in Resources */,
				C9E9D8271F10F81000A870C4 /* image7.jpg in Resources */,
				C9E9D86D1F1CDCA300A870C4 /* image55.jpg in Resources */,
				C9E9D82B1F10F81000A870C4 /* image25.jpg in Resources */,
				C9E9D7FB1F10F3FE00A870C4 /* image26.jpg in Resources */,
				C9E9D8081F10F3FE00A870C4 /* image42.jpg in Resources */,
				C9E9D8631F1CDCA300A870C4 /* image45.jpg in Resources */,
				C9E9D8261F10F81000A870C4 /* image3.jpg in Resources */,
				C9E9D7F11F10F3FE00A870C4 /* image14.jpg in Resources */,
				C9E9D8191F10F3FE00A870C4 /* png8.png in Resources */,
				C9E9D8621F1CDCA300A870C4 /* image44.jpg in Resources */,
				C9E9D8051F10F3FE00A870C4 /* image39.jpg in Resources */,
				C9E9D7F91F10F3FE00A870C4 /* image23.jpg in Resources */,
				C9E9D8171F10F3FE00A870C4 /* png6.png in Resources */,
				C9E9D7EE1F10F3FE00A870C4 /* image9.jpg in Resources */,
				C9E9D8711F1CDCA300A870C4 /* image59.jpg in Resources */,
				C9E9D8641F1CDCA300A870C4 /* image46.jpg in Resources */,
				C9E9D8141F10F3FE00A870C4 /* png3.png in Resources */,
				C9E9D8281F10F81000A870C4 /* image11.jpg in Resources */,
			);
			runOnlyForDeploymentPostprocessing = 0;
		};
/* End PBXResourcesBuildPhase section */

/* Begin PBXShellScriptBuildPhase section */
		0D74DA7705DDA14A4654357B /* [CP] Embed Pods Frameworks */ = {
			isa = PBXShellScriptBuildPhase;
			buildActionMask = 2147483647;
			files = (
			);
			inputPaths = (
			);
			name = "[CP] Embed Pods Frameworks";
			outputPaths = (
			);
			runOnlyForDeploymentPostprocessing = 0;
			shellPath = /bin/sh;
			shellScript = "\"${SRCROOT}/Pods/Target Support Files/Pods-DepressionChat/Pods-DepressionChat-frameworks.sh\"\n";
			showEnvVarsInLog = 0;
		};
		6CDC38D6A221869D6B1F7A34 /* [CP] Check Pods Manifest.lock */ = {
			isa = PBXShellScriptBuildPhase;
			buildActionMask = 2147483647;
			files = (
			);
			inputPaths = (
			);
			name = "[CP] Check Pods Manifest.lock";
			outputPaths = (
			);
			runOnlyForDeploymentPostprocessing = 0;
			shellPath = /bin/sh;
			shellScript = "diff \"${PODS_ROOT}/../Podfile.lock\" \"${PODS_ROOT}/Manifest.lock\" > /dev/null\nif [ $? != 0 ] ; then\n    # print error to STDERR\n    echo \"error: The sandbox is not in sync with the Podfile.lock. Run 'pod install' or update your CocoaPods installation.\" >&2\n    exit 1\nfi\n";
			showEnvVarsInLog = 0;
		};
		8A0F27CAD132D783550A4E3A /* [CP] Copy Pods Resources */ = {
			isa = PBXShellScriptBuildPhase;
			buildActionMask = 2147483647;
			files = (
			);
			inputPaths = (
			);
			name = "[CP] Copy Pods Resources";
			outputPaths = (
			);
			runOnlyForDeploymentPostprocessing = 0;
			shellPath = /bin/sh;
			shellScript = "\"${SRCROOT}/Pods/Target Support Files/Pods-DepressionChat/Pods-DepressionChat-resources.sh\"\n";
			showEnvVarsInLog = 0;
		};
/* End PBXShellScriptBuildPhase section */

/* Begin PBXSourcesBuildPhase section */
		C9EBA9E61EF27CE10039FB9C /* Sources */ = {
			isa = PBXSourcesBuildPhase;
			buildActionMask = 2147483647;
			files = (
				C9EBAA331EF28F0E0039FB9C /* FTChatMessageUserModel.swift in Sources */,
				C9EBAA211EF28F0E0039FB9C /* FTChatMessageBubbleLocationItem.swift in Sources */,
				C9EBAA271EF28F0E0039FB9C /* FTChatMessageDataSource.swift in Sources */,
				C9EBAA281EF28F0E0039FB9C /* FTChatMessageDelegate.swift in Sources */,
				C9EBAA321EF28F0E0039FB9C /* FTChatMessageTableViewController.swift in Sources */,
				C9EBAA2B1EF28F0E0039FB9C /* FTChatMessageInputView.swift in Sources */,
				C9EBAA2D1EF28F0E0039FB9C /* FTChatMessageRecorderView.swift in Sources */,
				C9EBAA221EF28F0E0039FB9C /* FTChatMessageBubbleTextItem.swift in Sources */,
				C9EBA9EE1EF27CE10039FB9C /* AppDelegate.swift in Sources */,
				C9EBAA251EF28F0E0039FB9C /* FTChatMessageDeliverStatusView.swift in Sources */,
				C9EBAA311EF28F0E0039FB9C /* FTChatMessageTableViewController+DataSource.swift in Sources */,
				C9EBAA1E1EF28F0E0039FB9C /* FTChatMessageBubbleAudioItem.swift in Sources */,
				C9EBAA1F1EF28F0E0039FB9C /* FTChatMessageBubbleImageItem.swift in Sources */,
				C9E9D8771F1CDE6400A870C4 /* InputTimeView.swift in Sources */,
				C9E9D7AF1F0F8AC100A870C4 /* Color.swift in Sources */,
				C9EBAA241EF28F0E0039FB9C /* FTChatMessageCell.swift in Sources */,
				C9EBAA021EF28EFC0039FB9C /* ChatRoomTableViewCell.swift in Sources */,
				C9EBAA261EF28F0E0039FB9C /* FTChatMessageConversation.swift in Sources */,
				C9EBAA291EF28F0E0039FB9C /* FTChatMessageExtensions.swift in Sources */,
				C9E9D8791F1CDF2F00A870C4 /* DataContainer.swift in Sources */,
				C9EBAA2A1EF28F0E0039FB9C /* FTChatMessageHeader.swift in Sources */,
				C9EBAA301EF28F0E0039FB9C /* FTChatMessageModel.swift in Sources */,
				C9EBAA2F1EF28F0E0039FB9C /* FTChatMessageMarcos.swift in Sources */,
				C9EBAA231EF28F0E0039FB9C /* FTChatMessageBubbleVideoItem.swift in Sources */,
				C9EBAA201EF28F0E0039FB9C /* FTChatMessageBubbleItem.swift in Sources */,
				C9EBAA001EF28ECF0039FB9C /* ChatTableViewController.swift in Sources */,
			);
			runOnlyForDeploymentPostprocessing = 0;
		};
/* End PBXSourcesBuildPhase section */

/* Begin PBXVariantGroup section */
		C999F7E61EF79F5000A8D742 /* LaunchScreen.storyboard */ = {
			isa = PBXVariantGroup;
			children = (
				C999F7E71EF79F5000A8D742 /* Base */,
			);
			name = LaunchScreen.storyboard;
			sourceTree = "<group>";
		};
		C999F7E81EF79F5000A8D742 /* Main.storyboard */ = {
			isa = PBXVariantGroup;
			children = (
				C999F7E91EF79F5000A8D742 /* Base */,
			);
			name = Main.storyboard;
			sourceTree = "<group>";
		};
/* End PBXVariantGroup section */

/* Begin XCBuildConfiguration section */
		C9EBA9FA1EF27CE10039FB9C /* Debug */ = {
			isa = XCBuildConfiguration;
			buildSettings = {
				ALWAYS_SEARCH_USER_PATHS = NO;
				CLANG_ANALYZER_NONNULL = YES;
				CLANG_ANALYZER_NUMBER_OBJECT_CONVERSION = YES_AGGRESSIVE;
				CLANG_CXX_LANGUAGE_STANDARD = "gnu++0x";
				CLANG_CXX_LIBRARY = "libc++";
				CLANG_ENABLE_MODULES = YES;
				CLANG_ENABLE_OBJC_ARC = YES;
				CLANG_WARN_BOOL_CONVERSION = YES;
				CLANG_WARN_CONSTANT_CONVERSION = YES;
				CLANG_WARN_DIRECT_OBJC_ISA_USAGE = YES_ERROR;
				CLANG_WARN_DOCUMENTATION_COMMENTS = YES;
				CLANG_WARN_EMPTY_BODY = YES;
				CLANG_WARN_ENUM_CONVERSION = YES;
				CLANG_WARN_INFINITE_RECURSION = YES;
				CLANG_WARN_INT_CONVERSION = YES;
				CLANG_WARN_OBJC_ROOT_CLASS = YES_ERROR;
				CLANG_WARN_SUSPICIOUS_MOVE = YES;
				CLANG_WARN_UNREACHABLE_CODE = YES;
				CLANG_WARN__DUPLICATE_METHOD_MATCH = YES;
				"CODE_SIGN_IDENTITY[sdk=iphoneos*]" = "iPhone Developer";
				COPY_PHASE_STRIP = NO;
				DEBUG_INFORMATION_FORMAT = dwarf;
				ENABLE_STRICT_OBJC_MSGSEND = YES;
				ENABLE_TESTABILITY = YES;
				GCC_C_LANGUAGE_STANDARD = gnu99;
				GCC_DYNAMIC_NO_PIC = NO;
				GCC_NO_COMMON_BLOCKS = YES;
				GCC_OPTIMIZATION_LEVEL = 0;
				GCC_PREPROCESSOR_DEFINITIONS = (
					"DEBUG=1",
					"$(inherited)",
				);
				GCC_WARN_64_TO_32_BIT_CONVERSION = YES;
				GCC_WARN_ABOUT_RETURN_TYPE = YES_ERROR;
				GCC_WARN_UNDECLARED_SELECTOR = YES;
				GCC_WARN_UNINITIALIZED_AUTOS = YES_AGGRESSIVE;
				GCC_WARN_UNUSED_FUNCTION = YES;
				GCC_WARN_UNUSED_VARIABLE = YES;
				IPHONEOS_DEPLOYMENT_TARGET = 10.3;
				MTL_ENABLE_DEBUG_INFO = YES;
				ONLY_ACTIVE_ARCH = YES;
				SDKROOT = iphoneos;
				SWIFT_ACTIVE_COMPILATION_CONDITIONS = DEBUG;
				SWIFT_OPTIMIZATION_LEVEL = "-Onone";
			};
			name = Debug;
		};
		C9EBA9FB1EF27CE10039FB9C /* Release */ = {
			isa = XCBuildConfiguration;
			buildSettings = {
				ALWAYS_SEARCH_USER_PATHS = NO;
				CLANG_ANALYZER_NONNULL = YES;
				CLANG_ANALYZER_NUMBER_OBJECT_CONVERSION = YES_AGGRESSIVE;
				CLANG_CXX_LANGUAGE_STANDARD = "gnu++0x";
				CLANG_CXX_LIBRARY = "libc++";
				CLANG_ENABLE_MODULES = YES;
				CLANG_ENABLE_OBJC_ARC = YES;
				CLANG_WARN_BOOL_CONVERSION = YES;
				CLANG_WARN_CONSTANT_CONVERSION = YES;
				CLANG_WARN_DIRECT_OBJC_ISA_USAGE = YES_ERROR;
				CLANG_WARN_DOCUMENTATION_COMMENTS = YES;
				CLANG_WARN_EMPTY_BODY = YES;
				CLANG_WARN_ENUM_CONVERSION = YES;
				CLANG_WARN_INFINITE_RECURSION = YES;
				CLANG_WARN_INT_CONVERSION = YES;
				CLANG_WARN_OBJC_ROOT_CLASS = YES_ERROR;
				CLANG_WARN_SUSPICIOUS_MOVE = YES;
				CLANG_WARN_UNREACHABLE_CODE = YES;
				CLANG_WARN__DUPLICATE_METHOD_MATCH = YES;
				"CODE_SIGN_IDENTITY[sdk=iphoneos*]" = "iPhone Developer";
				COPY_PHASE_STRIP = NO;
				DEBUG_INFORMATION_FORMAT = "dwarf-with-dsym";
				ENABLE_NS_ASSERTIONS = NO;
				ENABLE_STRICT_OBJC_MSGSEND = YES;
				GCC_C_LANGUAGE_STANDARD = gnu99;
				GCC_NO_COMMON_BLOCKS = YES;
				GCC_WARN_64_TO_32_BIT_CONVERSION = YES;
				GCC_WARN_ABOUT_RETURN_TYPE = YES_ERROR;
				GCC_WARN_UNDECLARED_SELECTOR = YES;
				GCC_WARN_UNINITIALIZED_AUTOS = YES_AGGRESSIVE;
				GCC_WARN_UNUSED_FUNCTION = YES;
				GCC_WARN_UNUSED_VARIABLE = YES;
				IPHONEOS_DEPLOYMENT_TARGET = 10.3;
				MTL_ENABLE_DEBUG_INFO = NO;
				SDKROOT = iphoneos;
				SWIFT_OPTIMIZATION_LEVEL = "-Owholemodule";
				VALIDATE_PRODUCT = YES;
			};
			name = Release;
		};
		C9EBA9FD1EF27CE10039FB9C /* Debug */ = {
			isa = XCBuildConfiguration;
			baseConfigurationReference = 29A3AFF333CF3AC178DA81A5 /* Pods-DepressionChat.debug.xcconfig */;
			buildSettings = {
				ASSETCATALOG_COMPILER_APPICON_NAME = AppIcon;
				DEVELOPMENT_TEAM = NW4B2RFZ4C;
				INFOPLIST_FILE = DepressionChat/Resouces/Info.plist;
				LD_RUNPATH_SEARCH_PATHS = "$(inherited) @executable_path/Frameworks";
				PRODUCT_BUNDLE_IDENTIFIER = depression.fight;
				PRODUCT_NAME = "$(TARGET_NAME)";
				PROVISIONING_PROFILE = "edc2ee42-7486-467e-a9ef-59e825742d83";
				PROVISIONING_PROFILE_SPECIFIER = "Test Dev";
				SWIFT_VERSION = 3.0;
			};
			name = Debug;
		};
		C9EBA9FE1EF27CE10039FB9C /* Release */ = {
			isa = XCBuildConfiguration;
			baseConfigurationReference = 9F9F3DE102B2DA20A2633529 /* Pods-DepressionChat.release.xcconfig */;
			buildSettings = {
				ASSETCATALOG_COMPILER_APPICON_NAME = AppIcon;
				"CODE_SIGN_IDENTITY[sdk=iphoneos*]" = "iPhone Distribution";
				DEVELOPMENT_TEAM = NW4B2RFZ4C;
				INFOPLIST_FILE = DepressionChat/Resouces/Info.plist;
				LD_RUNPATH_SEARCH_PATHS = "$(inherited) @executable_path/Frameworks";
				PRODUCT_BUNDLE_IDENTIFIER = depression.fight;
				PRODUCT_NAME = "$(TARGET_NAME)";
				PROVISIONING_PROFILE = "1feee4f5-f932-4cc4-b9ce-ae4252199929";
				PROVISIONING_PROFILE_SPECIFIER = appstore.depression.fight;
				SWIFT_VERSION = 3.0;
			};
			name = Release;
		};
/* End XCBuildConfiguration section */

/* Begin XCConfigurationList section */
		C9EBA9E51EF27CE10039FB9C /* Build configuration list for PBXProject "DepressionChat" */ = {
			isa = XCConfigurationList;
			buildConfigurations = (
				C9EBA9FA1EF27CE10039FB9C /* Debug */,
				C9EBA9FB1EF27CE10039FB9C /* Release */,
			);
			defaultConfigurationIsVisible = 0;
			defaultConfigurationName = Release;
		};
		C9EBA9FC1EF27CE10039FB9C /* Build configuration list for PBXNativeTarget "DepressionChat" */ = {
			isa = XCConfigurationList;
			buildConfigurations = (
				C9EBA9FD1EF27CE10039FB9C /* Debug */,
				C9EBA9FE1EF27CE10039FB9C /* Release */,
			);
			defaultConfigurationIsVisible = 0;
			defaultConfigurationName = Release;
		};
/* End XCConfigurationList section */
	};
	rootObject = C9EBA9E21EF27CE10039FB9C /* Project object */;
}
